
Microsoft Visual Studio Solution File, Format Version 12.00
# Visual Studio Version 17
VisualStudioVersion = 17.11.35312.102
MinimumVisualStudioVersion = 10.0.40219.1
Project("{8BC9CEB8-8B4A-11D0-8D11-00A0C91BC942}") = "Wofl", "Engine\Wofl.vcxproj", "{A1DB9D1F-D42A-425B-AC97-9EF1465129ED}"
EndProject
Project("{8BC9CEB8-8B4A-11D0-8D11-00A0C91BC942}") = "Neuro", "Neuro\Neuro.vcxproj", "{CC0213F0-73B4-4E65-891B-AEE29908582C}"
EndProject
Project("{2150E333-8FDC-42A3-9474-1A3956D46DE8}") = "Solution Items", "Solution Items", "{AD208AF5-1F56-4EC5-9713-8C9A5900A41E}"
EndProject
Project("{8BC9CEB8-8B4A-11D0-8D11-00A0C91BC942}") = "BurgerThyme", "BurgerThyme\BurgerThyme.vcxproj", "{9BB95B6B-AEE1-4BE7-A03E-6B6E38FBCCA7}"
EndProject
Project("{8BC9CEB8-8B4A-11D0-8D11-00A0C91BC942}") = "FishHotel", "FishHotel\FishHotel.vcxproj", "{470F587C-03D4-45B4-B33D-1384FFAD4876}"
EndProject
Project("{8BC9CEB8-8B4A-11D0-8D11-00A0C91BC942}") = "Idler", "Idler\Idler.vcxproj", "{23E52DBD-260E-410C-A6AC-FEB6DD0C7EB3}"
EndProject
Project("{8BC9CEB8-8B4A-11D0-8D11-00A0C91BC942}") = "MouseGame", "MouseGame\MouseGame.vcxproj", "{FF2493EC-907F-4741-8716-B647A1C859E0}"
EndProject
Project("{8BC9CEB8-8B4A-11D0-8D11-00A0C91BC942}") = "Oust", "Oust\Oust.vcxproj", "{84BD6F5F-D1FF-4F4D-86F3-CFD5E6104C24}"
EndProject
Project("{8BC9CEB8-8B4A-11D0-8D11-00A0C91BC942}") = "Scrolly", "Scrolly\Scrolly.vcxproj", "{4A2BC894-5236-432B-8A05-4ECD8F39C8E2}"
EndProject
Global
	GlobalSection(SolutionConfigurationPlatforms) = preSolution
		Debug|ARM64 = Debug|ARM64
		Debug|x64 = Debug|x64
		Debug|x86 = Debug|x86
		Release|ARM64 = Release|ARM64
		Release|x64 = Release|x64
		Release|x86 = Release|x86
	EndGlobalSection
	GlobalSection(ProjectConfigurationPlatforms) = postSolution
		{A1DB9D1F-D42A-425B-AC97-9EF1465129ED}.Debug|ARM64.ActiveCfg = Debug|ARM64
		{A1DB9D1F-D42A-425B-AC97-9EF1465129ED}.Debug|ARM64.Build.0 = Debug|ARM64
		{A1DB9D1F-D42A-425B-AC97-9EF1465129ED}.Debug|x64.ActiveCfg = Debug|x64
		{A1DB9D1F-D42A-425B-AC97-9EF1465129ED}.Debug|x64.Build.0 = Debug|x64
		{A1DB9D1F-D42A-425B-AC97-9EF1465129ED}.Debug|x86.ActiveCfg = Debug|Win32
		{A1DB9D1F-D42A-425B-AC97-9EF1465129ED}.Debug|x86.Build.0 = Debug|Win32
		{A1DB9D1F-D42A-425B-AC97-9EF1465129ED}.Release|ARM64.ActiveCfg = Release|ARM64
		{A1DB9D1F-D42A-425B-AC97-9EF1465129ED}.Release|ARM64.Build.0 = Release|ARM64
		{A1DB9D1F-D42A-425B-AC97-9EF1465129ED}.Release|x64.ActiveCfg = Release|x64
		{A1DB9D1F-D42A-425B-AC97-9EF1465129ED}.Release|x64.Build.0 = Release|x64
		{A1DB9D1F-D42A-425B-AC97-9EF1465129ED}.Release|x86.ActiveCfg = Release|Win32
		{A1DB9D1F-D42A-425B-AC97-9EF1465129ED}.Release|x86.Build.0 = Release|Win32
		{CC0213F0-73B4-4E65-891B-AEE29908582C}.Debug|ARM64.ActiveCfg = Debug|ARM64
		{CC0213F0-73B4-4E65-891B-AEE29908582C}.Debug|ARM64.Build.0 = Debug|ARM64
		{CC0213F0-73B4-4E65-891B-AEE29908582C}.Debug|x64.ActiveCfg = Debug|x64
		{CC0213F0-73B4-4E65-891B-AEE29908582C}.Debug|x64.Build.0 = Debug|x64
		{CC0213F0-73B4-4E65-891B-AEE29908582C}.Debug|x86.ActiveCfg = Debug|Win32
		{CC0213F0-73B4-4E65-891B-AEE29908582C}.Debug|x86.Build.0 = Debug|Win32
		{CC0213F0-73B4-4E65-891B-AEE29908582C}.Release|ARM64.ActiveCfg = Release|ARM64
		{CC0213F0-73B4-4E65-891B-AEE29908582C}.Release|ARM64.Build.0 = Release|ARM64
		{CC0213F0-73B4-4E65-891B-AEE29908582C}.Release|x64.ActiveCfg = Release|x64
		{CC0213F0-73B4-4E65-891B-AEE29908582C}.Release|x64.Build.0 = Release|x64
		{CC0213F0-73B4-4E65-891B-AEE29908582C}.Release|x86.ActiveCfg = Release|Win32
		{CC0213F0-73B4-4E65-891B-AEE29908582C}.Release|x86.Build.0 = Release|Win32
		{9BB95B6B-AEE1-4BE7-A03E-6B6E38FBCCA7}.Debug|ARM64.ActiveCfg = Debug|ARM64
		{9BB95B6B-AEE1-4BE7-A03E-6B6E38FBCCA7}.Debug|ARM64.Build.0 = Debug|ARM64
		{9BB95B6B-AEE1-4BE7-A03E-6B6E38FBCCA7}.Debug|x64.ActiveCfg = Debug|x64
		{9BB95B6B-AEE1-4BE7-A03E-6B6E38FBCCA7}.Debug|x64.Build.0 = Debug|x64
		{9BB95B6B-AEE1-4BE7-A03E-6B6E38FBCCA7}.Debug|x86.ActiveCfg = Debug|Win32
		{9BB95B6B-AEE1-4BE7-A03E-6B6E38FBCCA7}.Debug|x86.Build.0 = Debug|Win32
		{9BB95B6B-AEE1-4BE7-A03E-6B6E38FBCCA7}.Release|ARM64.ActiveCfg = Release|ARM64
		{9BB95B6B-AEE1-4BE7-A03E-6B6E38FBCCA7}.Release|ARM64.Build.0 = Release|ARM64
		{9BB95B6B-AEE1-4BE7-A03E-6B6E38FBCCA7}.Release|x64.ActiveCfg = Release|x64
		{9BB95B6B-AEE1-4BE7-A03E-6B6E38FBCCA7}.Release|x64.Build.0 = Release|x64
		{9BB95B6B-AEE1-4BE7-A03E-6B6E38FBCCA7}.Release|x86.ActiveCfg = Release|Win32
		{9BB95B6B-AEE1-4BE7-A03E-6B6E38FBCCA7}.Release|x86.Build.0 = Release|Win32
		{470F587C-03D4-45B4-B33D-1384FFAD4876}.Debug|ARM64.ActiveCfg = Debug|ARM64
		{470F587C-03D4-45B4-B33D-1384FFAD4876}.Debug|ARM64.Build.0 = Debug|ARM64
		{470F587C-03D4-45B4-B33D-1384FFAD4876}.Debug|x64.ActiveCfg = Debug|x64
		{470F587C-03D4-45B4-B33D-1384FFAD4876}.Debug|x64.Build.0 = Debug|x64
		{470F587C-03D4-45B4-B33D-1384FFAD4876}.Debug|x86.ActiveCfg = Debug|Win32
		{470F587C-03D4-45B4-B33D-1384FFAD4876}.Debug|x86.Build.0 = Debug|Win32
		{470F587C-03D4-45B4-B33D-1384FFAD4876}.Release|ARM64.ActiveCfg = Release|ARM64
		{470F587C-03D4-45B4-B33D-1384FFAD4876}.Release|ARM64.Build.0 = Release|ARM64
		{470F587C-03D4-45B4-B33D-1384FFAD4876}.Release|x64.ActiveCfg = Release|x64
		{470F587C-03D4-45B4-B33D-1384FFAD4876}.Release|x64.Build.0 = Release|x64
		{470F587C-03D4-45B4-B33D-1384FFAD4876}.Release|x86.ActiveCfg = Release|Win32
		{470F587C-03D4-45B4-B33D-1384FFAD4876}.Release|x86.Build.0 = Release|Win32
		{23E52DBD-260E-410C-A6AC-FEB6DD0C7EB3}.Debug|ARM64.ActiveCfg = Debug|ARM64
		{23E52DBD-260E-410C-A6AC-FEB6DD0C7EB3}.Debug|ARM64.Build.0 = Debug|ARM64
		{23E52DBD-260E-410C-A6AC-FEB6DD0C7EB3}.Debug|x64.ActiveCfg = Debug|x64
		{23E52DBD-260E-410C-A6AC-FEB6DD0C7EB3}.Debug|x64.Build.0 = Debug|x64
		{23E52DBD-260E-410C-A6AC-FEB6DD0C7EB3}.Debug|x86.ActiveCfg = Debug|Win32
		{23E52DBD-260E-410C-A6AC-FEB6DD0C7EB3}.Debug|x86.Build.0 = Debug|Win32
		{23E52DBD-260E-410C-A6AC-FEB6DD0C7EB3}.Release|ARM64.ActiveCfg = Release|ARM64
		{23E52DBD-260E-410C-A6AC-FEB6DD0C7EB3}.Release|ARM64.Build.0 = Release|ARM64
		{23E52DBD-260E-410C-A6AC-FEB6DD0C7EB3}.Release|x64.ActiveCfg = Release|x64
		{23E52DBD-260E-410C-A6AC-FEB6DD0C7EB3}.Release|x64.Build.0 = Release|x64
		{23E52DBD-260E-410C-A6AC-FEB6DD0C7EB3}.Release|x86.ActiveCfg = Release|Win32
		{23E52DBD-260E-410C-A6AC-FEB6DD0C7EB3}.Release|x86.Build.0 = Release|Win32
		{FF2493EC-907F-4741-8716-B647A1C859E0}.Debug|ARM64.ActiveCfg = Debug|ARM64
		{FF2493EC-907F-4741-8716-B647A1C859E0}.Debug|ARM64.Build.0 = Debug|ARM64
		{FF2493EC-907F-4741-8716-B647A1C859E0}.Debug|x64.ActiveCfg = Debug|x64
		{FF2493EC-907F-4741-8716-B647A1C859E0}.Debug|x64.Build.0 = Debug|x64
		{FF2493EC-907F-4741-8716-B647A1C859E0}.Debug|x86.ActiveCfg = Debug|Win32
		{FF2493EC-907F-4741-8716-B647A1C859E0}.Debug|x86.Build.0 = Debug|Win32
		{FF2493EC-907F-4741-8716-B647A1C859E0}.Release|ARM64.ActiveCfg = Release|ARM64
		{FF2493EC-907F-4741-8716-B647A1C859E0}.Release|ARM64.Build.0 = Release|ARM64
		{FF2493EC-907F-4741-8716-B647A1C859E0}.Release|x64.ActiveCfg = Release|x64
		{FF2493EC-907F-4741-8716-B647A1C859E0}.Release|x64.Build.0 = Release|x64
		{FF2493EC-907F-4741-8716-B647A1C859E0}.Release|x86.ActiveCfg = Release|Win32
		{FF2493EC-907F-4741-8716-B647A1C859E0}.Release|x86.Build.0 = Release|Win32
		{84BD6F5F-D1FF-4F4D-86F3-CFD5E6104C24}.Debug|ARM64.ActiveCfg = Debug|ARM64
		{84BD6F5F-D1FF-4F4D-86F3-CFD5E6104C24}.Debug|ARM64.Build.0 = Debug|ARM64
		{84BD6F5F-D1FF-4F4D-86F3-CFD5E6104C24}.Debug|x64.ActiveCfg = Debug|x64
		{84BD6F5F-D1FF-4F4D-86F3-CFD5E6104C24}.Debug|x64.Build.0 = Debug|x64
		{84BD6F5F-D1FF-4F4D-86F3-CFD5E6104C24}.Debug|x86.ActiveCfg = Debug|Win32
		{84BD6F5F-D1FF-4F4D-86F3-CFD5E6104C24}.Debug|x86.Build.0 = Debug|Win32
		{84BD6F5F-D1FF-4F4D-86F3-CFD5E6104C24}.Release|ARM64.ActiveCfg = Release|ARM64
		{84BD6F5F-D1FF-4F4D-86F3-CFD5E6104C24}.Release|ARM64.Build.0 = Release|ARM64
		{84BD6F5F-D1FF-4F4D-86F3-CFD5E6104C24}.Release|x64.ActiveCfg = Release|x64
		{84BD6F5F-D1FF-4F4D-86F3-CFD5E6104C24}.Release|x64.Build.0 = Release|x64
		{84BD6F5F-D1FF-4F4D-86F3-CFD5E6104C24}.Release|x86.ActiveCfg = Release|Win32
		{84BD6F5F-D1FF-4F4D-86F3-CFD5E6104C24}.Release|x86.Build.0 = Release|Win32
		{4A2BC894-5236-432B-8A05-4ECD8F39C8E2}.Debug|ARM64.ActiveCfg = Debug|ARM64
		{4A2BC894-5236-432B-8A05-4ECD8F39C8E2}.Debug|ARM64.Build.0 = Debug|ARM64
		{4A2BC894-5236-432B-8A05-4ECD8F39C8E2}.Debug|x64.ActiveCfg = Debug|x64
		{4A2BC894-5236-432B-8A05-4ECD8F39C8E2}.Debug|x64.Build.0 = Debug|x64
		{4A2BC894-5236-432B-8A05-4ECD8F39C8E2}.Debug|x86.ActiveCfg = Debug|Win32
		{4A2BC894-5236-432B-8A05-4ECD8F39C8E2}.Debug|x86.Build.0 = Debug|Win32
		{4A2BC894-5236-432B-8A05-4ECD8F39C8E2}.Release|ARM64.ActiveCfg = Release|ARM64
		{4A2BC894-5236-432B-8A05-4ECD8F39C8E2}.Release|ARM64.Build.0 = Release|ARM64
		{4A2BC894-5236-432B-8A05-4ECD8F39C8E2}.Release|x64.ActiveCfg = Release|x64
		{4A2BC894-5236-432B-8A05-4ECD8F39C8E2}.Release|x64.Build.0 = Release|x64
		{4A2BC894-5236-432B-8A05-4ECD8F39C8E2}.Release|x86.ActiveCfg = Release|Win32
		{4A2BC894-5236-432B-8A05-4ECD8F39C8E2}.Release|x86.Build.0 = Release|Win32
	EndGlobalSection
	GlobalSection(SolutionProperties) = preSolution
		HideSolutionNode = FALSE
	EndGlobalSection
	GlobalSection(ExtensibilityGlobals) = postSolution
		SolutionGuid = {F84AD076-EE69-4B74-B3D3-53D322296A8C}
	EndGlobalSection
EndGlobal
