<?xml version="1.0" encoding="utf-8"?>
<Project ToolsVersion="4.0" xmlns="http://schemas.microsoft.com/developer/msbuild/2003">
  <ItemGroup>
    <Filter Include="Resource Files">
      <UniqueIdentifier>{67DA6AB6-F800-4c08-8B7A-83BB121AAD01}</UniqueIdentifier>
      <Extensions>rc;ico;cur;bmp;dlg;rc2;rct;bin;rgs;gif;jpg;jpeg;jpe;resx;tiff;tif;png;wav;mfcribbon-ms</Extensions>
    </Filter>
    <Filter Include="Game">
      <UniqueIdentifier>{d9aaf180-7632-426d-95b8-434166fdebc3}</UniqueIdentifier>
    </Filter>
    <Filter Include="UI">
      <UniqueIdentifier>{35800892-5d09-4635-9521-230b58a6a5e5}</UniqueIdentifier>
    </Filter>
    <Filter Include="Resources">
      <UniqueIdentifier>{1412e0fc-1ce0-4b45-a955-25768ac31339}</UniqueIdentifier>
    </Filter>
    <Filter Include="Resources\DLLs">
      <UniqueIdentifier>{2b156e98-2ac1-4f58-a950-3f6485ae13c9}</UniqueIdentifier>
    </Filter>
    <Filter Include="Resources\System">
      <UniqueIdentifier>{fddbd4b4-d0d2-444d-9c8c-cc7016b7563b}</UniqueIdentifier>
    </Filter>
    <Filter Include="Resources\Neuromancer">
      <UniqueIdentifier>{10caee51-bf44-42d6-bf9a-5ad493b3a113}</UniqueIdentifier>
    </Filter>
    <Filter Include="Resources\Neuromancer\Lua">
      <UniqueIdentifier>{efacf181-f21c-4ae3-a042-58b694ae891d}</UniqueIdentifier>
    </Filter>
    <Filter Include="Resources\System\Lua">
      <UniqueIdentifier>{805f5f7e-a673-4ed8-97c4-6c2d822f34f2}</UniqueIdentifier>
    </Filter>
  </ItemGroup>
  <ItemGroup>
    <ClCompile Include="Neuro\Game\NeuroConfig.cpp">
      <Filter>Game</Filter>
    </ClCompile>
    <ClCompile Include="Neuro\Game\NeuroGame.cpp">
      <Filter>Game</Filter>
    </ClCompile>
    <ClCompile Include="Neuro\Game\NeuroLua.cpp">
      <Filter>Game</Filter>
    </ClCompile>
    <ClCompile Include="Neuro\Game\NeuroState.cpp">
      <Filter>Game</Filter>
    </ClCompile>
    <ClCompile Include="Neuro\UI\Gridbox.cpp">
      <Filter>UI</Filter>
    </ClCompile>
    <ClCompile Include="Neuro\UI\NeuroScene.cpp">
      <Filter>UI</Filter>
    </ClCompile>
    <ClCompile Include="Neuro\UI\Ninebox.cpp">
      <Filter>UI</Filter>
    </ClCompile>
    <ClCompile Include="Neuro\UI\Textbox.cpp">
      <Filter>UI</Filter>
    </ClCompile>
  </ItemGroup>
  <ItemGroup>
    <ClInclude Include="Neuro\Game\NeuroConfig.h">
      <Filter>Game</Filter>
    </ClInclude>
    <ClInclude Include="Neuro\Game\NeuroGame.h">
      <Filter>Game</Filter>
    </ClInclude>
    <ClInclude Include="Neuro\Game\NeuroLua.h">
      <Filter>Game</Filter>
    </ClInclude>
    <ClInclude Include="Neuro\Game\NeuroState.h">
      <Filter>Game</Filter>
    </ClInclude>
    <ClInclude Include="Neuro\UI\Gridbox.h">
      <Filter>UI</Filter>
    </ClInclude>
    <ClInclude Include="Neuro\UI\NeuroScene.h">
      <Filter>UI</Filter>
    </ClInclude>
    <ClInclude Include="Neuro\UI\Ninebox.h">
      <Filter>UI</Filter>
    </ClInclude>
    <ClInclude Include="Neuro\UI\Textbox.h">
      <Filter>UI</Filter>
    </ClInclude>
  </ItemGroup>
  <ItemGroup>
    <CopyFileToFolders Include="lua\lua54.dll">
      <Filter>Resources\DLLs</Filter>
    </CopyFileToFolders>
  </ItemGroup>
  <ItemGroup>
    <None Include="Neuro\Resources\Neuromancer\Neuro1.json">
      <Filter>Resources\Neuromancer</Filter>
    </None>
    <None Include="Neuro\Resources\Neuromancer\Neuro2.json">
      <Filter>Resources\Neuromancer</Filter>
    </None>
    <None Include="Neuro\Resources\Neuromancer\Neuro3.json">
      <Filter>Resources\Neuromancer</Filter>
    </None>
    <None Include="Neuro\Resources\Neuromancer\Lua\BodyShop.lua">
      <Filter>Resources\Neuromancer\Lua</Filter>
    </None>
    <None Include="Neuro\Resources\Neuromancer\Lua\Chatsubo.lua">
      <Filter>Resources\Neuromancer\Lua</Filter>
    </None>
    <None Include="Neuro\Resources\Neuromancer\Lua\Cheapo.lua">
      <Filter>Resources\Neuromancer\Lua</Filter>
    </None>
    <None Include="Neuro\Resources\Neuromancer\Lua\DonutWorld.lua">
      <Filter>Resources\Neuromancer\Lua</Filter>
    </None>
    <None Include="Neuro\Resources\Neuromancer\Lua\Game.lua">
      <Filter>Resources\Neuromancer\Lua</Filter>
    </None>
    <None Include="Neuro\Resources\Neuromancer\Lua\IRS.lua">
      <Filter>Resources\Neuromancer\Lua</Filter>
    </None>
    <None Include="Neuro\Resources\Neuromancer\Lua\Larrys.lua">
      <Filter>Resources\Neuromancer\Lua</Filter>
    </None>
    <None Include="Neuro\Resources\Neuromancer\Lua\Loser.lua">
      <Filter>Resources\Neuromancer\Lua</Filter>
    </None>
    <None Include="Neuro\Resources\Neuromancer\Lua\MiscRooms.lua">
      <Filter>Resources\Neuromancer\Lua</Filter>
    </None>
    <None Include="Neuro\Resources\Neuromancer\Lua\MiscSites.lua">
      <Filter>Resources\Neuromancer\Lua</Filter>
    </None>
    <None Include="Neuro\Resources\Neuromancer\Lua\RegFellow.lua">
      <Filter>Resources\Neuromancer\Lua</Filter>
    </None>
    <None Include="Neuro\Resources\Neuromancer\Lua\SpaceRooms.lua">
      <Filter>Resources\Neuromancer\Lua</Filter>
    </None>
    <None Include="Neuro\Resources\Neuromancer\Lua\Streets.lua">
      <Filter>Resources\Neuromancer\Lua</Filter>
    </None>
    <None Include="Neuro\Resources\Neuromancer\Lua\WorldChess.lua">
      <Filter>Resources\Neuromancer\Lua</Filter>
    </None>
    <None Include="Neuro\Resources\System\System1.json">
      <Filter>Resources\System</Filter>
    </None>
    <None Include="Neuro\Resources\System\Lua\Cyberspace.lua">
      <Filter>Resources\System\Lua</Filter>
    </None>
    <None Include="Neuro\Resources\System\Lua\Gridbox.lua">
      <Filter>Resources\System\Lua</Filter>
    </None>
    <None Include="Neuro\Resources\System\Lua\InvBox.lua">
      <Filter>Resources\System\Lua</Filter>
    </None>
    <None Include="Neuro\Resources\System\Lua\Items.lua">
      <Filter>Resources\System\Lua</Filter>
    </None>
    <None Include="Neuro\Resources\System\Lua\MiscBoxes.lua">
      <Filter>Resources\System\Lua</Filter>
    </None>
    <None Include="Neuro\Resources\System\Lua\Neuro.lua">
      <Filter>Resources\System\Lua</Filter>
    </None>
    <None Include="Neuro\Resources\System\Lua\PAX.lua">
      <Filter>Resources\System\Lua</Filter>
    </None>
    <None Include="Neuro\Resources\System\Lua\Room.lua">
      <Filter>Resources\System\Lua</Filter>
    </None>
    <None Include="Neuro\Resources\System\Lua\Site.lua">
      <Filter>Resources\System\Lua</Filter>
    </None>
  </ItemGroup>
  <ItemGroup>
    <Image Include="Neuro\Resources\Neuromancer\Neuro1.png">
      <Filter>Resources\Neuromancer</Filter>
    </Image>
    <Image Include="Neuro\Resources\Neuromancer\Neuro2.png">
      <Filter>Resources\Neuromancer</Filter>
    </Image>
    <Image Include="Neuro\Resources\Neuromancer\Neuro3.png">
      <Filter>Resources\Neuromancer</Filter>
    </Image>
    <Image Include="Neuro\Resources\System\BottomCenter.png">
      <Filter>Resources\System</Filter>
    </Image>
    <Image Include="Neuro\Resources\System\BottomLeft.png">
      <Filter>Resources\System</Filter>
    </Image>
    <Image Include="Neuro\Resources\System\BottomRight.png">
      <Filter>Resources\System</Filter>
    </Image>
    <Image Include="Neuro\Resources\System\Center.png">
      <Filter>Resources\System</Filter>
    </Image>
    <Image Include="Neuro\Resources\System\LeftCenter.png">
      <Filter>Resources\System</Filter>
    </Image>
    <Image Include="Neuro\Resources\System\RightCenter.png">
      <Filter>Resources\System</Filter>
    </Image>
    <Image Include="Neuro\Resources\System\System1.png">
      <Filter>Resources\System</Filter>
    </Image>
    <Image Include="Neuro\Resources\System\ThinkBC.png">
      <Filter>Resources\System</Filter>
    </Image>
    <Image Include="Neuro\Resources\System\ThinkTC.png">
      <Filter>Resources\System</Filter>
    </Image>
    <Image Include="Neuro\Resources\System\ThinkTL.png">
      <Filter>Resources\System</Filter>
    </Image>
    <Image Include="Neuro\Resources\System\TopCenter.png">
      <Filter>Resources\System</Filter>
    </Image>
    <Image Include="Neuro\Resources\System\TopLeft.png">
      <Filter>Resources\System</Filter>
    </Image>
    <Image Include="Neuro\Resources\System\TopRight.png">
      <Filter>Resources\System</Filter>
    </Image>
  </ItemGroup>
</Project>